
Microsoft Visual Studio Solution File, Format Version 12.00
# Visual Studio Version 17
VisualStudioVersion = 17.6.33513.286
MinimumVisualStudioVersion = 10.0.40219.1
Project("{FAE04EC0-301F-11D3-BF4B-00C04F79EFBC}") = "HalloWebApi", "HalloWebApi\HalloWebApi.csproj", "{B935769C-37C8-45F0-80DF-4987EEC930AD}"
EndProject
Global
	GlobalSection(SolutionConfigurationPlatforms) = preSolution
		Debug|Any CPU = Debug|Any CPU
		Release|Any CPU = Release|Any CPU
	EndGlobalSection
	GlobalSection(ProjectConfigurationPlatforms) = postSolution
		{B935769C-37C8-45F0-80DF-4987EEC930AD}.Debug|Any CPU.ActiveCfg = Debug|Any CPU
		{B935769C-37C8-45F0-80DF-4987EEC930AD}.Debug|Any CPU.Build.0 = Debug|Any CPU
		{B935769C-37C8-45F0-80DF-4987EEC930AD}.Release|Any CPU.ActiveCfg = Release|Any CPU
		{B935769C-37C8-45F0-80DF-4987EEC930AD}.Release|Any CPU.Build.0 = Release|Any CPU
	EndGlobalSection
	GlobalSection(SolutionProperties) = preSolution
		HideSolutionNode = FALSE
	EndGlobalSection
	GlobalSection(ExtensibilityGlobals) = postSolution
		SolutionGuid = {818A5A06-A09C-42FF-8CB2-3A03F2976F0C}
	EndGlobalSection
EndGlobal
