
Microsoft Visual Studio Solution File, Format Version 12.00
# Visual Studio Version 17
VisualStudioVersion = 17.6.33513.286
MinimumVisualStudioVersion = 10.0.40219.1
Project("{FAE04EC0-301F-11D3-BF4B-00C04F79EFBC}") = "OpenAPICLient", "OpenAPICLient\OpenAPICLient.csproj", "{581ABFBF-6454-4168-8BC7-9950A3102C67}"
EndProject
Global
	GlobalSection(SolutionConfigurationPlatforms) = preSolution
		Debug|Any CPU = Debug|Any CPU
		Release|Any CPU = Release|Any CPU
	EndGlobalSection
	GlobalSection(ProjectConfigurationPlatforms) = postSolution
		{581ABFBF-6454-4168-8BC7-9950A3102C67}.Debug|Any CPU.ActiveCfg = Debug|Any CPU
		{581ABFBF-6454-4168-8BC7-9950A3102C67}.Debug|Any CPU.Build.0 = Debug|Any CPU
		{581ABFBF-6454-4168-8BC7-9950A3102C67}.Release|Any CPU.ActiveCfg = Release|Any CPU
		{581ABFBF-6454-4168-8BC7-9950A3102C67}.Release|Any CPU.Build.0 = Release|Any CPU
	EndGlobalSection
	GlobalSection(SolutionProperties) = preSolution
		HideSolutionNode = FALSE
	EndGlobalSection
	GlobalSection(ExtensibilityGlobals) = postSolution
		SolutionGuid = {4B95CA2E-45FE-4C6D-B979-F419351BFAA7}
	EndGlobalSection
EndGlobal
