
Microsoft Visual Studio Solution File, Format Version 12.00
# Visual Studio Version 17
VisualStudioVersion = 17.6.33513.286
MinimumVisualStudioVersion = 10.0.40219.1
Project("{FAE04EC0-301F-11D3-BF4B-00C04F79EFBC}") = "HalloAsync", "HalloAsync\HalloAsync.csproj", "{E2A6C805-022E-44AD-99C3-1BD789D53458}"
EndProject
Global
	GlobalSection(SolutionConfigurationPlatforms) = preSolution
		Debug|Any CPU = Debug|Any CPU
		Release|Any CPU = Release|Any CPU
	EndGlobalSection
	GlobalSection(ProjectConfigurationPlatforms) = postSolution
		{E2A6C805-022E-44AD-99C3-1BD789D53458}.Debug|Any CPU.ActiveCfg = Debug|Any CPU
		{E2A6C805-022E-44AD-99C3-1BD789D53458}.Debug|Any CPU.Build.0 = Debug|Any CPU
		{E2A6C805-022E-44AD-99C3-1BD789D53458}.Release|Any CPU.ActiveCfg = Release|Any CPU
		{E2A6C805-022E-44AD-99C3-1BD789D53458}.Release|Any CPU.Build.0 = Release|Any CPU
	EndGlobalSection
	GlobalSection(SolutionProperties) = preSolution
		HideSolutionNode = FALSE
	EndGlobalSection
	GlobalSection(ExtensibilityGlobals) = postSolution
		SolutionGuid = {CAEE2298-F4F6-4F93-90D7-4AF0EBC39004}
	EndGlobalSection
EndGlobal
